
Microsoft Visual Studio Solution File, Format Version 12.00
# Visual Studio 15
VisualStudioVersion = 15.0.28307.1340
MinimumVisualStudioVersion = 10.0.40219.1
Project("{FAE04EC0-301F-11D3-BF4B-00C04F79EFBC}") = "FPTests", "ElementPresent\FPTests.csproj", "{7546FF8F-8579-4CA3-BC50-9DF49A3C4846}"
EndProject
Global
	GlobalSection(SolutionConfigurationPlatforms) = preSolution
		Debug|Any CPU = Debug|Any CPU
		Release|Any CPU = Release|Any CPU
	EndGlobalSection
	GlobalSection(ProjectConfigurationPlatforms) = postSolution
		{7546FF8F-8579-4CA3-BC50-9DF49A3C4846}.Debug|Any CPU.ActiveCfg = Debug|Any CPU
		{7546FF8F-8579-4CA3-BC50-9DF49A3C4846}.Debug|Any CPU.Build.0 = Debug|Any CPU
		{7546FF8F-8579-4CA3-BC50-9DF49A3C4846}.Release|Any CPU.ActiveCfg = Release|Any CPU
		{7546FF8F-8579-4CA3-BC50-9DF49A3C4846}.Release|Any CPU.Build.0 = Release|Any CPU
	EndGlobalSection
	GlobalSection(SolutionProperties) = preSolution
		HideSolutionNode = FALSE
	EndGlobalSection
	GlobalSection(ExtensibilityGlobals) = postSolution
		SolutionGuid = {A5194538-5831-4E5D-BF65-0D359FDCBE80}
	EndGlobalSection
EndGlobal
